
Microsoft Visual Studio Solution File, Format Version 12.00
# Visual Studio Version 17
VisualStudioVersion = 17.7.34221.43
MinimumVisualStudioVersion = 10.0.40219.1
Project("{FAE04EC0-301F-11D3-BF4B-00C04F79EFBC}") = "metinbelgesi", "metinbelgesi\metinbelgesi.csproj", "{0619CBD4-1F11-422A-A92B-F15AB4E9F2B1}"
EndProject
Global
	GlobalSection(SolutionConfigurationPlatforms) = preSolution
		Debug|Any CPU = Debug|Any CPU
		Release|Any CPU = Release|Any CPU
	EndGlobalSection
	GlobalSection(ProjectConfigurationPlatforms) = postSolution
		{0619CBD4-1F11-422A-A92B-F15AB4E9F2B1}.Debug|Any CPU.ActiveCfg = Debug|Any CPU
		{0619CBD4-1F11-422A-A92B-F15AB4E9F2B1}.Debug|Any CPU.Build.0 = Debug|Any CPU
		{0619CBD4-1F11-422A-A92B-F15AB4E9F2B1}.Release|Any CPU.ActiveCfg = Release|Any CPU
		{0619CBD4-1F11-422A-A92B-F15AB4E9F2B1}.Release|Any CPU.Build.0 = Release|Any CPU
	EndGlobalSection
	GlobalSection(SolutionProperties) = preSolution
		HideSolutionNode = FALSE
	EndGlobalSection
	GlobalSection(ExtensibilityGlobals) = postSolution
		SolutionGuid = {25E2DC43-4ADF-4F54-A260-0ED414F7CCB0}
	EndGlobalSection
EndGlobal
